%{"exlager": {:git, "git://github.com/khia/exlager.git", "99eb3fb763ae546edfe2ac3dd181987a4872dfcc", []},
  "exrm": {:git, "git://github.com/bitwalker/exrm.git", "2a2f82f24a35e7735e1992053916d37ecf78b619", []},
  "goldrush": {:git, "git://github.com/DeadZen/goldrush.git", "71e63212f12c25827e0c1b4198d37d5d018a7fec", [tag: "0.1.6"]},
  "lager": {:git, "https://github.com/basho/lager.git", "4d8291edb72a25ac0efde907e2ecaa115108ff90", []},
  "ranch": {:git, "git://github.com/extend/ranch.git", "ad2c080dc2825c9c705f8e542298253834abee1c", []},
  "xgen": {:git, "git://github.com/josevalim/xgen.git", "3c470d02db2a400120b71f62d8a43071f54a5734", []}}



#+%{"exlager": {:git, "git://github.com/khia/exlager.git", "99eb3fb763ae546edfe2ac3dd181987a4872dfcc", []},
#+  "exrm": {:git, "git://github.com/bitwalker/exrm.git", "2a2f82f24a35e7735e1992053916d37ecf78b619", []},
#   "goldrush": {:git, "git://github.com/DeadZen/goldrush.git", "71e63212f12c25827e0c1b4198d37d5d018a7fec", [tag: "0.1.6"]},
#   "lager": {:git, "https://github.com/basho/lager.git", "4d8291edb72a25ac0efde907e2ecaa115108ff90", []},
#+  "ranch": {:git, "git://github.com/extend/ranch.git", "ad2c080dc2825c9c705f8e542298253834abee1c", []},
#+  "xgen": {:git, "git://github.com/josevalim/xgen.git", "3c470d02db2a400120b71f62d8a43071f54a5734", []}}
#
#-%{"exlager": {:git, "git://github.com/khia/exlager.git", "d3d73b2a3d0f7b8f3da11a02b5f9384da6c62110", []},
#-  "exrm": {:git, "git://github.com/bitwalker/exrm.git", "76608f48d643ee9b0573bcb113deefc310ea249d", []},
#-  "ranch": {:git, "git://github.com/extend/ranch.git", "c1d0c4571ed744d4430576e171dc252937866974", []},
#-  "xgen": {:git, "git://github.com/josevalim/xgen.git", "9d803be1beaf116547a08bf60151dda9a71344f5", []}}
